
Microsoft Visual Studio Solution File, Format Version 12.00
# Visual Studio Version 17
VisualStudioVersion = 17.8.34330.188
MinimumVisualStudioVersion = 10.0.40219.1
Project("{2150E333-8FDC-42A3-9474-1A3956D46DE8}") = "Api", "Api", "{2F02EE96-7076-486C-93FD-926685D95B3C}"
EndProject
Project("{2150E333-8FDC-42A3-9474-1A3956D46DE8}") = "Core", "Core", "{A53AB905-5ABB-4139-B842-6F86C5442001}"
EndProject
Project("{2150E333-8FDC-42A3-9474-1A3956D46DE8}") = "Infrastructure", "Infrastructure", "{AEFC7C81-3A4D-444F-BD55-7465A38CB484}"
EndProject
Project("{2150E333-8FDC-42A3-9474-1A3956D46DE8}") = "UI", "UI", "{6C16C33B-2446-4479-8DA3-2160F7FF89BC}"
EndProject
Project("{E53339B2-1760-4266-BCC7-CA923CBCF16C}") = "docker-compose", "docker-compose.dcproj", "{C83A1BFD-1E21-490B-9EAA-831489F3AD19}"
EndProject
Project("{2150E333-8FDC-42A3-9474-1A3956D46DE8}") = "Test", "Test", "{226C76E5-9F79-4005-AABE-CEAADC67A5B0}"
EndProject
Project("{2150E333-8FDC-42A3-9474-1A3956D46DE8}") = "Src", "Src", "{C1E94618-23E0-487E-B5CE-02BE79AB6CA1}"
EndProject
Project("{9A19103F-16F7-4668-BE54-9A1E7A4F7556}") = "Application.MSTest", "Application.MSTest\Application.MSTest.csproj", "{FDFC914A-AEB7-4965-9425-59BC23EEDFBE}"
EndProject
Project("{9A19103F-16F7-4668-BE54-9A1E7A4F7556}") = "HoaPortalApp.Api", "HoaPortalApp.Api\HoaPortalApp.Api.csproj", "{8AE455A8-0A98-4F3A-872F-776EDE358BF5}"
EndProject
Project("{9A19103F-16F7-4668-BE54-9A1E7A4F7556}") = "HoaPortalApp.Application", "HoaPortalApp.Application\HoaPortalApp.Application.csproj", "{8101DBDA-C848-49C7-99A5-7C67AC827BE1}"
EndProject
Project("{9A19103F-16F7-4668-BE54-9A1E7A4F7556}") = "HoaPortalApp.Domain", "HoaPortalApp.Domain\HoaPortalApp.Domain.csproj", "{13271D93-0098-44C9-B1DA-77252FEA0F17}"
EndProject
Project("{9A19103F-16F7-4668-BE54-9A1E7A4F7556}") = "HoaPortalApp.Identity", "HoaPortalApp.Identity\HoaPortalApp.Identity.csproj", "{3741C915-4979-4AD4-B9EC-69F347B91F9A}"
EndProject
Project("{9A19103F-16F7-4668-BE54-9A1E7A4F7556}") = "HoaPortalApp.Infrustructure", "HoaPortalApp.Infrustructure\HoaPortalApp.Infrustructure.csproj", "{0AB1911D-490A-4B2E-890A-C6026A96C3F3}"
EndProject
Project("{9A19103F-16F7-4668-BE54-9A1E7A4F7556}") = "HoaPortalApp.Persistence", "HoaPortalApp.Persistence\HoaPortalApp.Persistence.csproj", "{DB19C773-BE07-4DC5-A0A5-708A2B27C45F}"
EndProject
Project("{9A19103F-16F7-4668-BE54-9A1E7A4F7556}") = "HoaPortalApp.Mvc", "HoaPortalApp.Mvc\HoaPortalApp.Mvc.csproj", "{B6512868-9D8C-464F-B320-0421AE4B4867}"
EndProject
Global
	GlobalSection(SolutionConfigurationPlatforms) = preSolution
		Debug|Any CPU = Debug|Any CPU
		Release|Any CPU = Release|Any CPU
	EndGlobalSection
	GlobalSection(ProjectConfigurationPlatforms) = postSolution
		{C83A1BFD-1E21-490B-9EAA-831489F3AD19}.Debug|Any CPU.ActiveCfg = Debug|Any CPU
		{C83A1BFD-1E21-490B-9EAA-831489F3AD19}.Debug|Any CPU.Build.0 = Debug|Any CPU
		{C83A1BFD-1E21-490B-9EAA-831489F3AD19}.Release|Any CPU.ActiveCfg = Release|Any CPU
		{C83A1BFD-1E21-490B-9EAA-831489F3AD19}.Release|Any CPU.Build.0 = Release|Any CPU
		{FDFC914A-AEB7-4965-9425-59BC23EEDFBE}.Debug|Any CPU.ActiveCfg = Debug|Any CPU
		{FDFC914A-AEB7-4965-9425-59BC23EEDFBE}.Debug|Any CPU.Build.0 = Debug|Any CPU
		{FDFC914A-AEB7-4965-9425-59BC23EEDFBE}.Release|Any CPU.ActiveCfg = Release|Any CPU
		{FDFC914A-AEB7-4965-9425-59BC23EEDFBE}.Release|Any CPU.Build.0 = Release|Any CPU
		{8AE455A8-0A98-4F3A-872F-776EDE358BF5}.Debug|Any CPU.ActiveCfg = Debug|Any CPU
		{8AE455A8-0A98-4F3A-872F-776EDE358BF5}.Debug|Any CPU.Build.0 = Debug|Any CPU
		{8AE455A8-0A98-4F3A-872F-776EDE358BF5}.Release|Any CPU.ActiveCfg = Release|Any CPU
		{8AE455A8-0A98-4F3A-872F-776EDE358BF5}.Release|Any CPU.Build.0 = Release|Any CPU
		{8101DBDA-C848-49C7-99A5-7C67AC827BE1}.Debug|Any CPU.ActiveCfg = Debug|Any CPU
		{8101DBDA-C848-49C7-99A5-7C67AC827BE1}.Debug|Any CPU.Build.0 = Debug|Any CPU
		{8101DBDA-C848-49C7-99A5-7C67AC827BE1}.Release|Any CPU.ActiveCfg = Release|Any CPU
		{8101DBDA-C848-49C7-99A5-7C67AC827BE1}.Release|Any CPU.Build.0 = Release|Any CPU
		{13271D93-0098-44C9-B1DA-77252FEA0F17}.Debug|Any CPU.ActiveCfg = Debug|Any CPU
		{13271D93-0098-44C9-B1DA-77252FEA0F17}.Debug|Any CPU.Build.0 = Debug|Any CPU
		{13271D93-0098-44C9-B1DA-77252FEA0F17}.Release|Any CPU.ActiveCfg = Release|Any CPU
		{13271D93-0098-44C9-B1DA-77252FEA0F17}.Release|Any CPU.Build.0 = Release|Any CPU
		{3741C915-4979-4AD4-B9EC-69F347B91F9A}.Debug|Any CPU.ActiveCfg = Debug|Any CPU
		{3741C915-4979-4AD4-B9EC-69F347B91F9A}.Debug|Any CPU.Build.0 = Debug|Any CPU
		{3741C915-4979-4AD4-B9EC-69F347B91F9A}.Release|Any CPU.ActiveCfg = Release|Any CPU
		{3741C915-4979-4AD4-B9EC-69F347B91F9A}.Release|Any CPU.Build.0 = Release|Any CPU
		{0AB1911D-490A-4B2E-890A-C6026A96C3F3}.Debug|Any CPU.ActiveCfg = Debug|Any CPU
		{0AB1911D-490A-4B2E-890A-C6026A96C3F3}.Debug|Any CPU.Build.0 = Debug|Any CPU
		{0AB1911D-490A-4B2E-890A-C6026A96C3F3}.Release|Any CPU.ActiveCfg = Release|Any CPU
		{0AB1911D-490A-4B2E-890A-C6026A96C3F3}.Release|Any CPU.Build.0 = Release|Any CPU
		{DB19C773-BE07-4DC5-A0A5-708A2B27C45F}.Debug|Any CPU.ActiveCfg = Debug|Any CPU
		{DB19C773-BE07-4DC5-A0A5-708A2B27C45F}.Debug|Any CPU.Build.0 = Debug|Any CPU
		{DB19C773-BE07-4DC5-A0A5-708A2B27C45F}.Release|Any CPU.ActiveCfg = Release|Any CPU
		{DB19C773-BE07-4DC5-A0A5-708A2B27C45F}.Release|Any CPU.Build.0 = Release|Any CPU
		{B6512868-9D8C-464F-B320-0421AE4B4867}.Debug|Any CPU.ActiveCfg = Debug|Any CPU
		{B6512868-9D8C-464F-B320-0421AE4B4867}.Debug|Any CPU.Build.0 = Debug|Any CPU
		{B6512868-9D8C-464F-B320-0421AE4B4867}.Release|Any CPU.ActiveCfg = Release|Any CPU
		{B6512868-9D8C-464F-B320-0421AE4B4867}.Release|Any CPU.Build.0 = Release|Any CPU
	EndGlobalSection
	GlobalSection(SolutionProperties) = preSolution
		HideSolutionNode = FALSE
	EndGlobalSection
	GlobalSection(NestedProjects) = preSolution
		{2F02EE96-7076-486C-93FD-926685D95B3C} = {C1E94618-23E0-487E-B5CE-02BE79AB6CA1}
		{A53AB905-5ABB-4139-B842-6F86C5442001} = {C1E94618-23E0-487E-B5CE-02BE79AB6CA1}
		{AEFC7C81-3A4D-444F-BD55-7465A38CB484} = {C1E94618-23E0-487E-B5CE-02BE79AB6CA1}
		{6C16C33B-2446-4479-8DA3-2160F7FF89BC} = {C1E94618-23E0-487E-B5CE-02BE79AB6CA1}
		{FDFC914A-AEB7-4965-9425-59BC23EEDFBE} = {226C76E5-9F79-4005-AABE-CEAADC67A5B0}
		{8AE455A8-0A98-4F3A-872F-776EDE358BF5} = {2F02EE96-7076-486C-93FD-926685D95B3C}
		{8101DBDA-C848-49C7-99A5-7C67AC827BE1} = {A53AB905-5ABB-4139-B842-6F86C5442001}
		{13271D93-0098-44C9-B1DA-77252FEA0F17} = {A53AB905-5ABB-4139-B842-6F86C5442001}
		{3741C915-4979-4AD4-B9EC-69F347B91F9A} = {AEFC7C81-3A4D-444F-BD55-7465A38CB484}
		{0AB1911D-490A-4B2E-890A-C6026A96C3F3} = {AEFC7C81-3A4D-444F-BD55-7465A38CB484}
		{DB19C773-BE07-4DC5-A0A5-708A2B27C45F} = {AEFC7C81-3A4D-444F-BD55-7465A38CB484}
		{B6512868-9D8C-464F-B320-0421AE4B4867} = {6C16C33B-2446-4479-8DA3-2160F7FF89BC}
	EndGlobalSection
	GlobalSection(ExtensibilityGlobals) = postSolution
		SolutionGuid = {88599FAA-6151-4576-BD15-0B2D55C4012D}
	EndGlobalSection
EndGlobal
